github.com/Azure/azure-sdk-for-go/sdk/azcore v1.4.0 h1:rTnT/Jrcm+figWlYz4Ixzt0SJVR2cMC8lvZcimipiEY=
github.com/Azure/azure-sdk-for-go/sdk/azcore v1.4.0/go.mod h1:ON4tFdPTwRcgWEaVDrN3584Ef+b7GgSJaXxe5fW9t4M=
github.com/Azure/azure-sdk-for-go/sdk/azcore v1.7.1 h1:/iHxaJhsFr0+xVFfbMr5vxz848jyiWuIEDhYq3y5odY=
github.com/Azure/azure-sdk-for-go/sdk/azcore v1.7.1/go.mod h1:bjGvMhVMb+EEm3VRNQawDMUyMMjo+S5ewNjflkep/0Q=
github.com/Azure/azure-sdk-for-go/sdk/azidentity v1.3.1 h1:LNHhpdK7hzUcx/k1LIcuh5k7k1LGIWLQfCjaneSj7Fc=
github.com/Azure/azure-sdk-for-go/sdk/azidentity v1.3.1/go.mod h1:uE9zaUfEQT/nbQjVi2IblCG9iaLtZsuYZ8ne+PuQ02M=
github.com/Azure/azure-sdk-for-go/sdk/internal v1.2.0 h1:leh5DwKv6Ihwi+h60uHtn6UWAxBbZ0q8DwQVMzf61zw=
github.com/Azure/azure-sdk-for-go/sdk/internal v1.2.0/go.mod h1:eWRD7oawr1Mu1sLCawqVc0CUiF43ia3qQMxLscsKQ9w=
github.com/Azure/azure-sdk-for-go/sdk/internal v1.3.0 h1:sXr+ck84g/ZlZUOZiNELInmMgOsuGwdjjVkEIde0OtY=
github.com/Azure/azure-sdk-for-go/sdk/internal v1.3.0/go.mod h1:okt5dMMTOFjX/aovMlrjvvXoPMBVSPzk9185BT0+eZM=
github.com/Azure/azure-sdk-for-go/sdk/resourcemanager/appservice/armappservice/v2 v2.1.1 h1:APDvQUs7TMuQTcclQHOT8kpCnz4qU3T6Po77XFIWVL8=
github.com/Azure/azure-sdk-for-go/sdk/resourcemanager/appservice/armappservice/v2 v2.1.1/go.mod h1:XQLwMCyOcUmKwvm1L1cZKZEZ7AWylzrrVRzswqsfd4Q=
github.com/Azure/azure-sdk-for-go/sdk/resourcemanager/resources/armresources v1.1.1 h1:7CBQ+Ei8SP2c6ydQTGCCrS35bDxgTMfoP2miAwK++OU=
github.com/Azure/azure-sdk-for-go/sdk/resourcemanager/resources/armresources v1.1.1/go.mod h1:c/wcGeGx5FUPbM/JltUYHZcKmigwyVLJlDq+4HdtXaw=
github.com/AzureAD/microsoft-authentication-library-for-go v1.1.1 h1:WpB/QDNLpMw72xHJc34BNNykqSOeEJDAWkhf0u12/Jk=
github.com/AzureAD/microsoft-authentication-library-for-go v1.1.1/go.mod h1:wP83P5OoQ5p6ip3ScPr0BAq0BvuPAvacpEuSzyouqAI=
github.com/cpuguy83/go-md2man/v2 v2.0.2/go.mod h1:tgQtvFlXSQOSOSIRvRPT7W67SCa46tRHOmNcaadrF8o=
github.com/golang-jwt/jwt/v5 v5.0.0 h1:1n1XNM9hk7O9mnQoNBGolZvzebBQ7p93ULHRc28XJUE=
github.com/golang-jwt/jwt/v5 v5.0.0/go.mod h1:pqrtFR0X4osieyHYxtmOUWsAWrfe1Q5UVIyoH402zdk=
github.com/google/uuid v1.3.0 h1:t6JiXgmwXMjEs8VusXIJk2BXHsn+wx8BZdTaoZ5fu7I=
github.com/google/uuid v1.3.0/go.mod h1:TIyPZe4MgqvfeYDBFedMoGGpEw/LqOeaOT+nhxU+yHo=
github.com/inconshreveable/mousetrap v1.1.0 h1:wN+x4NVGpMsO7ErUn/mUI3vEoE6Jt13X2s0bqwp9tc8=
github.com/inconshreveable/mousetrap v1.1.0/go.mod h1:vpF70FUmC8bwa3OWnCshd2FqLfsEA9PFc4w1p2J65bw=
github.com/kylelemons/godebug v1.1.0 h1:RPNrshWIDI6G2gRW9EHilWtl7Z6Sb1BR0xunSBf0SNc=
github.com/kylelemons/godebug v1.1.0/go.mod h1:9/0rRGxNHcop5bhtWyNeEfOS8JIWk580+fNqagV/RAw=
github.com/pkg/browser v0.0.0-20210911075715-681adbf594b8 h1:KoWmjvw+nsYOo29YJK9vDA65RGE3NrOnUtO7a+RF9HU=
github.com/pkg/browser v0.0.0-20210911075715-681adbf594b8/go.mod h1:HKlIX3XHQyzLZPlr7++PzdhaXEj94dEiJgZDTsxEqUI=
github.com/russross/blackfriday/v2 v2.1.0/go.mod h1:+Rmxgy9KzJVeS9/2gXHxylqXiyQDYRxCVz55jmeOWTM=
github.com/spf13/cobra v1.7.0 h1:hyqWnYt1ZQShIddO5kBpj3vu05/++x6tJ6dg8EC572I=
github.com/spf13/cobra v1.7.0/go.mod h1:uLxZILRyS/50WlhOIKD7W6V5bgeIt+4sICxh6uRMrb0=
github.com/spf13/pflag v1.0.5 h1:iy+VFUOCP1a+8yFto/drg2CJ5u0yRoB7fZw3DKv/JXA=
github.com/spf13/pflag v1.0.5/go.mod h1:McXfInJRrz4CZXVZOBLb0bTZqETkiAhM9Iw0y3An2Bg=
golang.org/x/crypto v0.12.0 h1:tFM/ta59kqch6LlvYnPa0yx5a83cL2nHflFhYKvv9Yk=
golang.org/x/crypto v0.12.0/go.mod h1:NF0Gs7EO5K4qLn+Ylc+fih8BSTeIjAP05siRnAh98yw=
golang.org/x/net v0.7.0 h1:rJrUqqhjsgNp7KqAIc25s9pZnjU7TUcSY7HcVZjdn1g=
golang.org/x/net v0.7.0/go.mod h1:2Tu9+aMcznHK/AK1HMvgo6xiTLG5rD5rZLDS+rp2Bjs=
golang.org/x/net v0.14.0 h1:BONx9s002vGdD9umnlX1Po8vOZmrgH34qlHcD1MfK14=
golang.org/x/net v0.14.0/go.mod h1:PpSgVXXLK0OxS0F31C1/tv6XNguvCrnXIDrFMspZIUI=
golang.org/x/sys v0.0.0-20210616045830-e2b7044e8c71/go.mod h1:oPkhp1MJrh7nUepCBck5+mAzfO9JrbApNNgaTdGDITg=
golang.org/x/sys v0.11.0 h1:eG7RXZHdqOJ1i+0lgLgCpSXAp6M3LYlAo6osgSi0xOM=
golang.org/x/sys v0.11.0/go.mod h1:oPkhp1MJrh7nUepCBck5+mAzfO9JrbApNNgaTdGDITg=
golang.org/x/text v0.7.0 h1:4BRB4x83lYWy72KwLD/qYDuTu7q9PjSagHvijDw7cLo=
golang.org/x/text v0.7.0/go.mod h1:mrYo+phRRbMaCq/xk9113O4dZlRixOauAjOtrjsXDZ8=
golang.org/x/text v0.12.0 h1:k+n5B8goJNdU7hSvEtMUz3d1Q6D/XW4COJSJR6fN0mc=
golang.org/x/text v0.12.0/go.mod h1:TvPlkZtksWOMsz7fbANvkp4WM8x/WCo/om8BMLbz+aE=
gopkg.in/check.v1 v0.0.0-20161208181325-20d25e280405/go.mod h1:Co6ibVJAznAaIkqp8huTwlJQCZ016jof/cbN4VW5Yz0=
gopkg.in/yaml.v3 v3.0.1 h1:fxVm/GzAzEWqLHuvctI91KS9hhNmmWOoWu0XTYJS7CA=
gopkg.in/yaml.v3 v3.0.1/go.mod h1:K4uyk7z7BCEPqu6E+C64Yfv1cQ7kz7rIZviUmN+EgEM=
